github.com/Tnze/go-mc v1.18.2 h1:75dTJ0dJNI4V/7iG7Ze1pWkDmE9D02OQe6RfEZV0FBE=
github.com/Tnze/go-mc v1.18.2/go.mod h1:DyB0mWjox4fSiOdShzh7yx4nzx7q6AXUKzlXnT+iCTo=
github.com/google/uuid v1.1.1 h1:Gkbcsh/GbpXz7lPftLA3P6TYMwjCLYm83jiFQZF/3gY=
github.com/google/uuid v1.1.1/go.mod h1:TIyPZe4MgqvfeYDBFedMoGGpEw/LqOeaOT+nhxU+yHo=
